
Microsoft Visual Studio Solution File, Format Version 12.00
# Visual Studio Version 17
VisualStudioVersion = 17.5.33516.290
MinimumVisualStudioVersion = 10.0.40219.1
Project("{FAE04EC0-301F-11D3-BF4B-00C04F79EFBC}") = "ClassesAndObjects", "ClassesAndObjects\ClassesAndObjects.csproj", "{E73BCEB7-2247-45B5-8F3B-A22889A8ABB3}"
EndProject
Global
	GlobalSection(SolutionConfigurationPlatforms) = preSolution
		Debug|Any CPU = Debug|Any CPU
		Release|Any CPU = Release|Any CPU
	EndGlobalSection
	GlobalSection(ProjectConfigurationPlatforms) = postSolution
		{E73BCEB7-2247-45B5-8F3B-A22889A8ABB3}.Debug|Any CPU.ActiveCfg = Debug|Any CPU
		{E73BCEB7-2247-45B5-8F3B-A22889A8ABB3}.Debug|Any CPU.Build.0 = Debug|Any CPU
		{E73BCEB7-2247-45B5-8F3B-A22889A8ABB3}.Release|Any CPU.ActiveCfg = Release|Any CPU
		{E73BCEB7-2247-45B5-8F3B-A22889A8ABB3}.Release|Any CPU.Build.0 = Release|Any CPU
	EndGlobalSection
	GlobalSection(SolutionProperties) = preSolution
		HideSolutionNode = FALSE
	EndGlobalSection
	GlobalSection(ExtensibilityGlobals) = postSolution
		SolutionGuid = {F2AB73BF-CF35-4460-938A-E5DB3670E4DE}
	EndGlobalSection
EndGlobal
