
Microsoft Visual Studio Solution File, Format Version 12.00
# Visual Studio Version 17
VisualStudioVersion = 17.5.33516.290
MinimumVisualStudioVersion = 10.0.40219.1
Project("{FAE04EC0-301F-11D3-BF4B-00C04F79EFBC}") = "SwitchCase", "SwitchCase\SwitchCase.csproj", "{00C0F9BF-16BA-4D59-AD3C-7A5330B0EF4F}"
EndProject
Global
	GlobalSection(SolutionConfigurationPlatforms) = preSolution
		Debug|Any CPU = Debug|Any CPU
		Release|Any CPU = Release|Any CPU
	EndGlobalSection
	GlobalSection(ProjectConfigurationPlatforms) = postSolution
		{00C0F9BF-16BA-4D59-AD3C-7A5330B0EF4F}.Debug|Any CPU.ActiveCfg = Debug|Any CPU
		{00C0F9BF-16BA-4D59-AD3C-7A5330B0EF4F}.Debug|Any CPU.Build.0 = Debug|Any CPU
		{00C0F9BF-16BA-4D59-AD3C-7A5330B0EF4F}.Release|Any CPU.ActiveCfg = Release|Any CPU
		{00C0F9BF-16BA-4D59-AD3C-7A5330B0EF4F}.Release|Any CPU.Build.0 = Release|Any CPU
	EndGlobalSection
	GlobalSection(SolutionProperties) = preSolution
		HideSolutionNode = FALSE
	EndGlobalSection
	GlobalSection(ExtensibilityGlobals) = postSolution
		SolutionGuid = {C5232A7E-EDC3-4EBA-8160-6B17E517B0DA}
	EndGlobalSection
EndGlobal
