
Microsoft Visual Studio Solution File, Format Version 12.00
# Visual Studio Version 17
VisualStudioVersion = 17.5.33516.290
MinimumVisualStudioVersion = 10.0.40219.1
Project("{FAE04EC0-301F-11D3-BF4B-00C04F79EFBC}") = "Inheritance", "Inheritance\Inheritance.csproj", "{4950D0F0-B563-4B6E-875C-25D5CF6CE640}"
EndProject
Global
	GlobalSection(SolutionConfigurationPlatforms) = preSolution
		Debug|Any CPU = Debug|Any CPU
		Release|Any CPU = Release|Any CPU
	EndGlobalSection
	GlobalSection(ProjectConfigurationPlatforms) = postSolution
		{4950D0F0-B563-4B6E-875C-25D5CF6CE640}.Debug|Any CPU.ActiveCfg = Debug|Any CPU
		{4950D0F0-B563-4B6E-875C-25D5CF6CE640}.Debug|Any CPU.Build.0 = Debug|Any CPU
		{4950D0F0-B563-4B6E-875C-25D5CF6CE640}.Release|Any CPU.ActiveCfg = Release|Any CPU
		{4950D0F0-B563-4B6E-875C-25D5CF6CE640}.Release|Any CPU.Build.0 = Release|Any CPU
	EndGlobalSection
	GlobalSection(SolutionProperties) = preSolution
		HideSolutionNode = FALSE
	EndGlobalSection
	GlobalSection(ExtensibilityGlobals) = postSolution
		SolutionGuid = {B0CAA16C-5B41-4FBA-934C-761DF9C30A79}
	EndGlobalSection
EndGlobal
