
Microsoft Visual Studio Solution File, Format Version 12.00
# Visual Studio Version 17
VisualStudioVersion = 17.5.33516.290
MinimumVisualStudioVersion = 10.0.40219.1
Project("{FAE04EC0-301F-11D3-BF4B-00C04F79EFBC}") = "hello", "hello\hello.csproj", "{5B5DC96A-B567-4F49-BDCF-3F32E4B6A3A3}"
EndProject
Global
	GlobalSection(SolutionConfigurationPlatforms) = preSolution
		Debug|Any CPU = Debug|Any CPU
		Release|Any CPU = Release|Any CPU
	EndGlobalSection
	GlobalSection(ProjectConfigurationPlatforms) = postSolution
		{5B5DC96A-B567-4F49-BDCF-3F32E4B6A3A3}.Debug|Any CPU.ActiveCfg = Debug|Any CPU
		{5B5DC96A-B567-4F49-BDCF-3F32E4B6A3A3}.Debug|Any CPU.Build.0 = Debug|Any CPU
		{5B5DC96A-B567-4F49-BDCF-3F32E4B6A3A3}.Release|Any CPU.ActiveCfg = Release|Any CPU
		{5B5DC96A-B567-4F49-BDCF-3F32E4B6A3A3}.Release|Any CPU.Build.0 = Release|Any CPU
	EndGlobalSection
	GlobalSection(SolutionProperties) = preSolution
		HideSolutionNode = FALSE
	EndGlobalSection
	GlobalSection(ExtensibilityGlobals) = postSolution
		SolutionGuid = {CF0010E7-D905-4C2A-9409-8ACAD2ECC0EF}
	EndGlobalSection
EndGlobal
