
Microsoft Visual Studio Solution File, Format Version 12.00
# Visual Studio Version 17
VisualStudioVersion = 17.5.33516.290
MinimumVisualStudioVersion = 10.0.40219.1
Project("{FAE04EC0-301F-11D3-BF4B-00C04F79EFBC}") = "SyncAndAsync", "SyncAndAsync\SyncAndAsync.csproj", "{19B5D3EC-6A66-48AE-810F-BB8657E6190B}"
EndProject
Global
	GlobalSection(SolutionConfigurationPlatforms) = preSolution
		Debug|Any CPU = Debug|Any CPU
		Release|Any CPU = Release|Any CPU
	EndGlobalSection
	GlobalSection(ProjectConfigurationPlatforms) = postSolution
		{19B5D3EC-6A66-48AE-810F-BB8657E6190B}.Debug|Any CPU.ActiveCfg = Debug|Any CPU
		{19B5D3EC-6A66-48AE-810F-BB8657E6190B}.Debug|Any CPU.Build.0 = Debug|Any CPU
		{19B5D3EC-6A66-48AE-810F-BB8657E6190B}.Release|Any CPU.ActiveCfg = Release|Any CPU
		{19B5D3EC-6A66-48AE-810F-BB8657E6190B}.Release|Any CPU.Build.0 = Release|Any CPU
	EndGlobalSection
	GlobalSection(SolutionProperties) = preSolution
		HideSolutionNode = FALSE
	EndGlobalSection
	GlobalSection(ExtensibilityGlobals) = postSolution
		SolutionGuid = {59F68A34-BF5C-4711-9343-EDF4A1C192F6}
	EndGlobalSection
EndGlobal
