
Microsoft Visual Studio Solution File, Format Version 12.00
# Visual Studio Version 17
VisualStudioVersion = 17.5.33516.290
MinimumVisualStudioVersion = 10.0.40219.1
Project("{FAE04EC0-301F-11D3-BF4B-00C04F79EFBC}") = "Loops", "Loops\Loops.csproj", "{FB576172-DA57-4EEB-9841-920270B449D0}"
EndProject
Global
	GlobalSection(SolutionConfigurationPlatforms) = preSolution
		Debug|Any CPU = Debug|Any CPU
		Release|Any CPU = Release|Any CPU
	EndGlobalSection
	GlobalSection(ProjectConfigurationPlatforms) = postSolution
		{FB576172-DA57-4EEB-9841-920270B449D0}.Debug|Any CPU.ActiveCfg = Debug|Any CPU
		{FB576172-DA57-4EEB-9841-920270B449D0}.Debug|Any CPU.Build.0 = Debug|Any CPU
		{FB576172-DA57-4EEB-9841-920270B449D0}.Release|Any CPU.ActiveCfg = Release|Any CPU
		{FB576172-DA57-4EEB-9841-920270B449D0}.Release|Any CPU.Build.0 = Release|Any CPU
	EndGlobalSection
	GlobalSection(SolutionProperties) = preSolution
		HideSolutionNode = FALSE
	EndGlobalSection
	GlobalSection(ExtensibilityGlobals) = postSolution
		SolutionGuid = {AFE322A9-8F12-4D71-81B0-0D9B0B935F05}
	EndGlobalSection
EndGlobal
